
Microsoft Visual Studio Solution File, Format Version 12.00
# Visual Studio Version 17
VisualStudioVersion = 17.13.35828.75 d17.13
MinimumVisualStudioVersion = 10.0.40219.1
Project("{FAE04EC0-301F-11D3-BF4B-00C04F79EFBC}") = "InvertoryManagementProject", "InvertoryManagementProject\InvertoryManagementProject.csproj", "{353B0F7A-E80F-471E-97FC-4B447CA9DDF8}"
EndProject
Global
	GlobalSection(SolutionConfigurationPlatforms) = preSolution
		Debug|Any CPU = Debug|Any CPU
		Release|Any CPU = Release|Any CPU
	EndGlobalSection
	GlobalSection(ProjectConfigurationPlatforms) = postSolution
		{353B0F7A-E80F-471E-97FC-4B447CA9DDF8}.Debug|Any CPU.ActiveCfg = Debug|Any CPU
		{353B0F7A-E80F-471E-97FC-4B447CA9DDF8}.Debug|Any CPU.Build.0 = Debug|Any CPU
		{353B0F7A-E80F-471E-97FC-4B447CA9DDF8}.Release|Any CPU.ActiveCfg = Release|Any CPU
		{353B0F7A-E80F-471E-97FC-4B447CA9DDF8}.Release|Any CPU.Build.0 = Release|Any CPU
	EndGlobalSection
	GlobalSection(SolutionProperties) = preSolution
		HideSolutionNode = FALSE
	EndGlobalSection
	GlobalSection(ExtensibilityGlobals) = postSolution
		SolutionGuid = {8BDD0A5C-AB9A-4DD5-A7B1-EF975E9EE604}
	EndGlobalSection
EndGlobal
